
Microsoft Visual Studio Solution File, Format Version 12.00
# Visual Studio Version 16
VisualStudioVersion = 16.0.29911.84
MinimumVisualStudioVersion = 10.0.40219.1
Project("{FAE04EC0-301F-11D3-BF4B-00C04F79EFBC}") = "Modul4_kel18", "Modul4_kel18.csproj", "{1B12D74B-43B6-4D53-A491-A1E3BBE56CA7}"
EndProject
Global
	GlobalSection(SolutionConfigurationPlatforms) = preSolution
		Debug|Any CPU = Debug|Any CPU
		Release|Any CPU = Release|Any CPU
	EndGlobalSection
	GlobalSection(ProjectConfigurationPlatforms) = postSolution
		{1B12D74B-43B6-4D53-A491-A1E3BBE56CA7}.Debug|Any CPU.ActiveCfg = Debug|Any CPU
		{1B12D74B-43B6-4D53-A491-A1E3BBE56CA7}.Debug|Any CPU.Build.0 = Debug|Any CPU
		{1B12D74B-43B6-4D53-A491-A1E3BBE56CA7}.Release|Any CPU.ActiveCfg = Release|Any CPU
		{1B12D74B-43B6-4D53-A491-A1E3BBE56CA7}.Release|Any CPU.Build.0 = Release|Any CPU
	EndGlobalSection
	GlobalSection(SolutionProperties) = preSolution
		HideSolutionNode = FALSE
	EndGlobalSection
	GlobalSection(ExtensibilityGlobals) = postSolution
		SolutionGuid = {A1A0A352-597B-44BD-A60A-E7DE8B4B2CDA}
	EndGlobalSection
EndGlobal
