
Microsoft Visual Studio Solution File, Format Version 12.00
# Visual Studio Version 16
VisualStudioVersion = 16.0.29911.84
MinimumVisualStudioVersion = 10.0.40219.1
Project("{FAE04EC0-301F-11D3-BF4B-00C04F79EFBC}") = "Tugas_4", "Tugas_4.csproj", "{869F6064-FDA4-4EAD-AE4C-C87716E0EB52}"
EndProject
Global
	GlobalSection(SolutionConfigurationPlatforms) = preSolution
		Debug|Any CPU = Debug|Any CPU
		Release|Any CPU = Release|Any CPU
	EndGlobalSection
	GlobalSection(ProjectConfigurationPlatforms) = postSolution
		{869F6064-FDA4-4EAD-AE4C-C87716E0EB52}.Debug|Any CPU.ActiveCfg = Debug|Any CPU
		{869F6064-FDA4-4EAD-AE4C-C87716E0EB52}.Debug|Any CPU.Build.0 = Debug|Any CPU
		{869F6064-FDA4-4EAD-AE4C-C87716E0EB52}.Release|Any CPU.ActiveCfg = Release|Any CPU
		{869F6064-FDA4-4EAD-AE4C-C87716E0EB52}.Release|Any CPU.Build.0 = Release|Any CPU
	EndGlobalSection
	GlobalSection(SolutionProperties) = preSolution
		HideSolutionNode = FALSE
	EndGlobalSection
	GlobalSection(ExtensibilityGlobals) = postSolution
		SolutionGuid = {4E734A94-48B6-4609-AF35-99D808DE676C}
	EndGlobalSection
EndGlobal
